Microsoft Visual Studio Solution File, Format Version 11.00
# Visual Studio 2008

Project("{52CBB9F4-FA86-AB9C-03F3-B50D5D6244AF}") = "VL", "Assembly-CSharp-firstpass.csproj", "{DAB9A654-E54C-C06F-D224-D9DBC552CB02}"
EndProject
Project("{52CBB9F4-FA86-AB9C-03F3-B50D5D6244AF}") = "VL", "Assembly-CSharp.csproj", "{19F42A35-A524-795E-0BB0-F317360DA065}"
EndProject
Project("{52CBB9F4-FA86-AB9C-03F3-B50D5D6244AF}") = "VL", "Assembly-UnityScript.unityproj", "{3858BAE7-EB94-0D0D-7C08-C56881E51606}"
EndProject
Global
	GlobalSection(SolutionConfigurationPlatforms) = preSolution
		Debug|Any CPU = Debug|Any CPU
		Release|Any CPU = Release|Any CPU
	EndGlobalSection
	GlobalSection(ProjectConfigurationPlatforms) = postSolution
		{DAB9A654-E54C-C06F-D224-D9DBC552CB02}.Debug|Any CPU.ActiveCfg = Debug|Any CPU
		{DAB9A654-E54C-C06F-D224-D9DBC552CB02}.Debug|Any CPU.Build.0 = Debug|Any CPU
		{DAB9A654-E54C-C06F-D224-D9DBC552CB02}.Release|Any CPU.ActiveCfg = Release|Any CPU
		{DAB9A654-E54C-C06F-D224-D9DBC552CB02}.Release|Any CPU.Build.0 = Release|Any CPU
		{19F42A35-A524-795E-0BB0-F317360DA065}.Debug|Any CPU.ActiveCfg = Debug|Any CPU
		{19F42A35-A524-795E-0BB0-F317360DA065}.Debug|Any CPU.Build.0 = Debug|Any CPU
		{19F42A35-A524-795E-0BB0-F317360DA065}.Release|Any CPU.ActiveCfg = Release|Any CPU
		{19F42A35-A524-795E-0BB0-F317360DA065}.Release|Any CPU.Build.0 = Release|Any CPU
		{3858BAE7-EB94-0D0D-7C08-C56881E51606}.Debug|Any CPU.ActiveCfg = Debug|Any CPU
		{3858BAE7-EB94-0D0D-7C08-C56881E51606}.Debug|Any CPU.Build.0 = Debug|Any CPU
		{3858BAE7-EB94-0D0D-7C08-C56881E51606}.Release|Any CPU.ActiveCfg = Release|Any CPU
		{3858BAE7-EB94-0D0D-7C08-C56881E51606}.Release|Any CPU.Build.0 = Release|Any CPU
	EndGlobalSection
	GlobalSection(SolutionProperties) = preSolution
		HideSolutionNode = FALSE
	EndGlobalSection
																																						GlobalSection(MonoDevelopProperties) = preSolution
		StartupItem = Assembly-CSharp.csproj
		Policies = $0
		$0.TextStylePolicy = $1
		$1.inheritsSet = null
		$1.scope = text/x-csharp
		$0.CSharpFormattingPolicy = $2
		$2.inheritsSet = Mono
		$2.inheritsScope = text/x-csharp
		$2.scope = text/x-csharp
		$0.TextStylePolicy = $3
		$3.FileWidth = 120
		$3.TabWidth = 4
		$3.IndentWidth = 4
		$3.EolMarker = Unix
		$3.inheritsSet = Mono
		$3.inheritsScope = text/plain
		$3.scope = text/plain
	EndGlobalSection

EndGlobal
